
Microsoft Visual Studio Solution File, Format Version 12.00
# Visual Studio 15
VisualStudioVersion = 15.0.26730.16
MinimumVisualStudioVersion = 10.0.40219.1
Project("{9A19103F-16F7-4668-BE54-9A1E7A4F7556}") = "MvcReportViewer.ExampleWebsite.NetCore", "AlanJuden.MvcReportViewer.ExampleWebsite.NetCore\MvcReportViewer.ExampleWebsite.NetCore.csproj", "{EB181C1B-6A81-4DC3-93EA-8A16A007FA87}"
EndProject
Project("{FAE04EC0-301F-11D3-BF4B-00C04F79EFBC}") = "MvcReportViewer.NetStandard", "MvcReportViewer.NetStandard\MvcReportViewer.NetStandard.csproj", "{FBA2F299-CA48-4DC6-81A1-925ABD2273B5}"
EndProject
Global
	GlobalSection(SolutionConfigurationPlatforms) = preSolution
		Debug|Any CPU = Debug|Any CPU
		Release|Any CPU = Release|Any CPU
	EndGlobalSection
	GlobalSection(ProjectConfigurationPlatforms) = postSolution
		{EB181C1B-6A81-4DC3-93EA-8A16A007FA87}.Debug|Any CPU.ActiveCfg = Debug|Any CPU
		{EB181C1B-6A81-4DC3-93EA-8A16A007FA87}.Debug|Any CPU.Build.0 = Debug|Any CPU
		{EB181C1B-6A81-4DC3-93EA-8A16A007FA87}.Release|Any CPU.ActiveCfg = Release|Any CPU
		{EB181C1B-6A81-4DC3-93EA-8A16A007FA87}.Release|Any CPU.Build.0 = Release|Any CPU
		{FBA2F299-CA48-4DC6-81A1-925ABD2273B5}.Debug|Any CPU.ActiveCfg = Debug|Any CPU
		{FBA2F299-CA48-4DC6-81A1-925ABD2273B5}.Debug|Any CPU.Build.0 = Debug|Any CPU
		{FBA2F299-CA48-4DC6-81A1-925ABD2273B5}.Release|Any CPU.ActiveCfg = Release|Any CPU
		{FBA2F299-CA48-4DC6-81A1-925ABD2273B5}.Release|Any CPU.Build.0 = Release|Any CPU
	EndGlobalSection
	GlobalSection(SolutionProperties) = preSolution
		HideSolutionNode = FALSE
	EndGlobalSection
	GlobalSection(ExtensibilityGlobals) = postSolution
		SolutionGuid = {3F23AE20-886C-4F4D-ACB4-8BD215D787A8}
	EndGlobalSection
EndGlobal
